// !$*UTF8*$!
{
	archiveVersion = 1;
	classes = {
	};
	objectVersion = 46;
	objects = {

/* Begin PBXBuildFile section */
		696125751C0BC62700359DA0 /* login icon.png in Resources */ = {isa = PBXBuildFile; fileRef = 696125741C0BC62700359DA0 /* login icon.png */; };
		696125841C0CC43000359DA0 /* CFNetwork.framework in Frameworks */ = {isa = PBXBuildFile; fileRef = 6961257B1C0CC43000359DA0 /* CFNetwork.framework */; };
		696125851C0CC43000359DA0 /* CoreGraphics.framework in Frameworks */ = {isa = PBXBuildFile; fileRef = 6961257C1C0CC43000359DA0 /* CoreGraphics.framework */; };
		696125861C0CC43000359DA0 /* CoreLocation.framework in Frameworks */ = {isa = PBXBuildFile; fileRef = 6961257D1C0CC43000359DA0 /* CoreLocation.framework */; };
		696125871C0CC43000359DA0 /* libsqlite3.tbd in Frameworks */ = {isa = PBXBuildFile; fileRef = 6961257E1C0CC43000359DA0 /* libsqlite3.tbd */; };
		696125881C0CC43000359DA0 /* libz.tbd in Frameworks */ = {isa = PBXBuildFile; fileRef = 6961257F1C0CC43000359DA0 /* libz.tbd */; };
		696125891C0CC43000359DA0 /* QuartzCore.framework in Frameworks */ = {isa = PBXBuildFile; fileRef = 696125801C0CC43000359DA0 /* QuartzCore.framework */; };
		6961258A1C0CC43000359DA0 /* Security.framework in Frameworks */ = {isa = PBXBuildFile; fileRef = 696125811C0CC43000359DA0 /* Security.framework */; };
		6961258B1C0CC43000359DA0 /* StoreKit.framework in Frameworks */ = {isa = PBXBuildFile; fileRef = 696125821C0CC43000359DA0 /* StoreKit.framework */; };
		6961258C1C0CC43000359DA0 /* SystemConfiguration.framework in Frameworks */ = {isa = PBXBuildFile; fileRef = 696125831C0CC43000359DA0 /* SystemConfiguration.framework */; };
		6961C30F1C0CF69B004200DA /* closet-accessories-01.png in Resources */ = {isa = PBXBuildFile; fileRef = 6961C3091C0CF69B004200DA /* closet-accessories-01.png */; };
		6961C3101C0CF69B004200DA /* closet-bottoms-01.png in Resources */ = {isa = PBXBuildFile; fileRef = 6961C30A1C0CF69B004200DA /* closet-bottoms-01.png */; };
		6961C3111C0CF69B004200DA /* closet-other-01.png in Resources */ = {isa = PBXBuildFile; fileRef = 6961C30B1C0CF69B004200DA /* closet-other-01.png */; };
		6961C3121C0CF69B004200DA /* closet-outfits-01.png in Resources */ = {isa = PBXBuildFile; fileRef = 6961C30C1C0CF69B004200DA /* closet-outfits-01.png */; };
		6961C3131C0CF69B004200DA /* closet-shoes-01.png in Resources */ = {isa = PBXBuildFile; fileRef = 6961C30D1C0CF69B004200DA /* closet-shoes-01.png */; };
		6961C3141C0CF69B004200DA /* closet-tops-01.png in Resources */ = {isa = PBXBuildFile; fileRef = 6961C30E1C0CF69B004200DA /* closet-tops-01.png */; };
		697835251C1B4C78000BC627 /* closet-add-01.png in Resources */ = {isa = PBXBuildFile; fileRef = 697835241C1B4C78000BC627 /* closet-add-01.png */; };
		697835271C1B50B0000BC627 /* Parse.framework in Frameworks */ = {isa = PBXBuildFile; fileRef = 697835261C1B50B0000BC627 /* Parse.framework */; };
		6978352D1C1B50E8000BC627 /* Bolts.framework in Frameworks */ = {isa = PBXBuildFile; fileRef = 697835281C1B50E8000BC627 /* Bolts.framework */; };
		6978352E1C1B50E8000BC627 /* ParseFacebookUtils.framework in Frameworks */ = {isa = PBXBuildFile; fileRef = 697835291C1B50E8000BC627 /* ParseFacebookUtils.framework */; };
		6978352F1C1B50E8000BC627 /* ParseFacebookUtilsV4.framework in Frameworks */ = {isa = PBXBuildFile; fileRef = 6978352A1C1B50E8000BC627 /* ParseFacebookUtilsV4.framework */; };
		697835301C1B50E8000BC627 /* ParseTwitterUtils.framework in Frameworks */ = {isa = PBXBuildFile; fileRef = 6978352B1C1B50E8000BC627 /* ParseTwitterUtils.framework */; };
		697835311C1B50E8000BC627 /* ParseUI.framework in Frameworks */ = {isa = PBXBuildFile; fileRef = 6978352C1C1B50E8000BC627 /* ParseUI.framework */; };
		697835341C1B929A000BC627 /* add-bags-01.png in Resources */ = {isa = PBXBuildFile; fileRef = 697835321C1B929A000BC627 /* add-bags-01.png */; };
		697835351C1B929A000BC627 /* add-camera-01.png in Resources */ = {isa = PBXBuildFile; fileRef = 697835331C1B929A000BC627 /* add-camera-01.png */; };
		697D80901BFB92BA00CA27D2 /* main.m in Sources */ = {isa = PBXBuildFile; fileRef = 697D808F1BFB92BA00CA27D2 /* main.m */; };
		697D80931BFB92BA00CA27D2 /* AppDelegate.m in Sources */ = {isa = PBXBuildFile; fileRef = 697D80921BFB92BA00CA27D2 /* AppDelegate.m */; };
		697D80961BFB92BA00CA27D2 /* ViewController.m in Sources */ = {isa = PBXBuildFile; fileRef = 697D80951BFB92BA00CA27D2 /* ViewController.m */; };
		697D80991BFB92BA00CA27D2 /* Main.storyboard in Resources */ = {isa = PBXBuildFile; fileRef = 697D80971BFB92BA00CA27D2 /* Main.storyboard */; };
		697D809C1BFB92BA00CA27D2 /* Drawers.xcdatamodeld in Sources */ = {isa = PBXBuildFile; fileRef = 697D809A1BFB92BA00CA27D2 /* Drawers.xcdatamodeld */; };
		697D809E1BFB92BA00CA27D2 /* Assets.xcassets in Resources */ = {isa = PBXBuildFile; fileRef = 697D809D1BFB92BA00CA27D2 /* Assets.xcassets */; };
		697D80A11BFB92BA00CA27D2 /* LaunchScreen.storyboard in Resources */ = {isa = PBXBuildFile; fileRef = 697D809F1BFB92BA00CA27D2 /* LaunchScreen.storyboard */; };
		697D80AC1BFB92BA00CA27D2 /* DrawersTests.m in Sources */ = {isa = PBXBuildFile; fileRef = 697D80AB1BFB92BA00CA27D2 /* DrawersTests.m */; };
		697D80B71BFB92BA00CA27D2 /* DrawersUITests.m in Sources */ = {isa = PBXBuildFile; fileRef = 697D80B61BFB92BA00CA27D2 /* DrawersUITests.m */; };
		8344FA201C1892070097E6CE /* AudioToolbox.framework in Frameworks */ = {isa = PBXBuildFile; fileRef = 8344FA1F1C1892070097E6CE /* AudioToolbox.framework */; };
/* End PBXBuildFile section */

/* Begin PBXContainerItemProxy section */
		697D80A81BFB92BA00CA27D2 /* PBXContainerItemProxy */ = {
			isa = PBXContainerItemProxy;
			containerPortal = 697D80831BFB92B900CA27D2 /* Project object */;
			proxyType = 1;
			remoteGlobalIDString = 697D808A1BFB92BA00CA27D2;
			remoteInfo = Drawers;
		};
		697D80B31BFB92BA00CA27D2 /* PBXContainerItemProxy */ = {
			isa = PBXContainerItemProxy;
			containerPortal = 697D80831BFB92B900CA27D2 /* Project object */;
			proxyType = 1;
			remoteGlobalIDString = 697D808A1BFB92BA00CA27D2;
			remoteInfo = Drawers;
		};
/* End PBXContainerItemProxy section */

/* Begin PBXCopyFilesBuildPhase section */
		834CD4C71C1642D100E4A320 /* CopyFiles */ = {
			isa = PBXCopyFilesBuildPhase;
			buildActionMask = 2147483647;
			dstPath = "";
			dstSubfolderSpec = 10;
			files = (
			);
			runOnlyForDeploymentPostprocessing = 0;
		};
/* End PBXCopyFilesBuildPhase section */

/* Begin PBXFileReference section */
		696125741C0BC62700359DA0 /* login icon.png */ = {isa = PBXFileReference; lastKnownFileType = image.png; path = "login icon.png"; sourceTree = "<group>"; };
		6961257B1C0CC43000359DA0 /* CFNetwork.framework */ = {isa = PBXFileReference; lastKnownFileType = wrapper.framework; name = CFNetwork.framework; path = System/Library/Frameworks/CFNetwork.framework; sourceTree = SDKROOT; };
		6961257C1C0CC43000359DA0 /* CoreGraphics.framework */ = {isa = PBXFileReference; lastKnownFileType = wrapper.framework; name = CoreGraphics.framework; path = System/Library/Frameworks/CoreGraphics.framework; sourceTree = SDKROOT; };
		6961257D1C0CC43000359DA0 /* CoreLocation.framework */ = {isa = PBXFileReference; lastKnownFileType = wrapper.framework; name = CoreLocation.framework; path = System/Library/Frameworks/CoreLocation.framework; sourceTree = SDKROOT; };
		6961257E1C0CC43000359DA0 /* libsqlite3.tbd */ = {isa = PBXFileReference; lastKnownFileType = "sourcecode.text-based-dylib-definition"; name = libsqlite3.tbd; path = usr/lib/libsqlite3.tbd; sourceTree = SDKROOT; };
		6961257F1C0CC43000359DA0 /* libz.tbd */ = {isa = PBXFileReference; lastKnownFileType = "sourcecode.text-based-dylib-definition"; name = libz.tbd; path = usr/lib/libz.tbd; sourceTree = SDKROOT; };
		696125801C0CC43000359DA0 /* QuartzCore.framework */ = {isa = PBXFileReference; lastKnownFileType = wrapper.framework; name = QuartzCore.framework; path = System/Library/Frameworks/QuartzCore.framework; sourceTree = SDKROOT; };
		696125811C0CC43000359DA0 /* Security.framework */ = {isa = PBXFileReference; lastKnownFileType = wrapper.framework; name = Security.framework; path = System/Library/Frameworks/Security.framework; sourceTree = SDKROOT; };
		696125821C0CC43000359DA0 /* StoreKit.framework */ = {isa = PBXFileReference; lastKnownFileType = wrapper.framework; name = StoreKit.framework; path = System/Library/Frameworks/StoreKit.framework; sourceTree = SDKROOT; };
		696125831C0CC43000359DA0 /* SystemConfiguration.framework */ = {isa = PBXFileReference; lastKnownFileType = wrapper.framework; name = SystemConfiguration.framework; path = System/Library/Frameworks/SystemConfiguration.framework; sourceTree = SDKROOT; };
		6961C3091C0CF69B004200DA /* closet-accessories-01.png */ = {isa = PBXFileReference; lastKnownFileType = image.png; path = "closet-accessories-01.png"; sourceTree = "<group>"; };
		6961C30A1C0CF69B004200DA /* closet-bottoms-01.png */ = {isa = PBXFileReference; lastKnownFileType = image.png; path = "closet-bottoms-01.png"; sourceTree = "<group>"; };
		6961C30B1C0CF69B004200DA /* closet-other-01.png */ = {isa = PBXFileReference; lastKnownFileType = image.png; path = "closet-other-01.png"; sourceTree = "<group>"; };
		6961C30C1C0CF69B004200DA /* closet-outfits-01.png */ = {isa = PBXFileReference; lastKnownFileType = image.png; path = "closet-outfits-01.png"; sourceTree = "<group>"; };
		6961C30D1C0CF69B004200DA /* closet-shoes-01.png */ = {isa = PBXFileReference; lastKnownFileType = image.png; path = "closet-shoes-01.png"; sourceTree = "<group>"; };
		6961C30E1C0CF69B004200DA /* closet-tops-01.png */ = {isa = PBXFileReference; lastKnownFileType = image.png; path = "closet-tops-01.png"; sourceTree = "<group>"; };
		697835241C1B4C78000BC627 /* closet-add-01.png */ = {isa = PBXFileReference; lastKnownFileType = image.png; path = "closet-add-01.png"; sourceTree = "<group>"; };
		697835261C1B50B0000BC627 /* Parse.framework */ = {isa = PBXFileReference; lastKnownFileType = wrapper.framework; path = Parse.framework; sourceTree = "<group>"; };
		697835281C1B50E8000BC627 /* Bolts.framework */ = {isa = PBXFileReference; lastKnownFileType = wrapper.framework; path = Bolts.framework; sourceTree = "<group>"; };
		697835291C1B50E8000BC627 /* ParseFacebookUtils.framework */ = {isa = PBXFileReference; lastKnownFileType = wrapper.framework; path = ParseFacebookUtils.framework; sourceTree = "<group>"; };
		6978352A1C1B50E8000BC627 /* ParseFacebookUtilsV4.framework */ = {isa = PBXFileReference; lastKnownFileType = wrapper.framework; path = ParseFacebookUtilsV4.framework; sourceTree = "<group>"; };
		6978352B1C1B50E8000BC627 /* ParseTwitterUtils.framework */ = {isa = PBXFileReference; lastKnownFileType = wrapper.framework; path = ParseTwitterUtils.framework; sourceTree = "<group>"; };
		6978352C1C1B50E8000BC627 /* ParseUI.framework */ = {isa = PBXFileReference; lastKnownFileType = wrapper.framework; path = ParseUI.framework; sourceTree = "<group>"; };
		697835321C1B929A000BC627 /* add-bags-01.png */ = {isa = PBXFileReference; lastKnownFileType = image.png; path = "add-bags-01.png"; sourceTree = "<group>"; };
		697835331C1B929A000BC627 /* add-camera-01.png */ = {isa = PBXFileReference; lastKnownFileType = image.png; path = "add-camera-01.png"; sourceTree = "<group>"; };
		697D808B1BFB92BA00CA27D2 /* Drawers.app */ = {isa = PBXFileReference; explicitFileType = wrapper.application; includeInIndex = 0; path = Drawers.app; sourceTree = BUILT_PRODUCTS_DIR; };
		697D808F1BFB92BA00CA27D2 /* main.m */ = {isa = PBXFileReference; lastKnownFileType = sourcecode.c.objc; path = main.m; sourceTree = "<group>"; };
		697D80911BFB92BA00CA27D2 /* AppDelegate.h */ = {isa = PBXFileReference; lastKnownFileType = sourcecode.c.h; path = AppDelegate.h; sourceTree = "<group>"; };
		697D80921BFB92BA00CA27D2 /* AppDelegate.m */ = {isa = PBXFileReference; lastKnownFileType = sourcecode.c.objc; path = AppDelegate.m; sourceTree = "<group>"; };
		697D80941BFB92BA00CA27D2 /* ViewController.h */ = {isa = PBXFileReference; lastKnownFileType = sourcecode.c.h; path = ViewController.h; sourceTree = "<group>"; };
		697D80951BFB92BA00CA27D2 /* ViewController.m */ = {isa = PBXFileReference; lastKnownFileType = sourcecode.c.objc; path = ViewController.m; sourceTree = "<group>"; };
		697D80981BFB92BA00CA27D2 /* Base */ = {isa = PBXFileReference; lastKnownFileType = file.storyboard; name = Base; path = Base.lproj/Main.storyboard; sourceTree = "<group>"; };
		697D809B1BFB92BA00CA27D2 /* Drawers.xcdatamodel */ = {isa = PBXFileReference; lastKnownFileType = wrapper.xcdatamodel; path = Drawers.xcdatamodel; sourceTree = "<group>"; };
		697D809D1BFB92BA00CA27D2 /* Assets.xcassets */ = {isa = PBXFileReference; lastKnownFileType = folder.assetcatalog; path = Assets.xcassets; sourceTree = "<group>"; };
		697D80A01BFB92BA00CA27D2 /* Base */ = {isa = PBXFileReference; lastKnownFileType = file.storyboard; name = Base; path = Base.lproj/LaunchScreen.storyboard; sourceTree = "<group>"; };
		697D80A21BFB92BA00CA27D2 /* Info.plist */ = {isa = PBXFileReference; lastKnownFileType = text.plist.xml; path = Info.plist; sourceTree = "<group>"; };
		697D80A71BFB92BA00CA27D2 /* DrawersTests.xctest */ = {isa = PBXFileReference; explicitFileType = wrapper.cfbundle; includeInIndex = 0; path = DrawersTests.xctest; sourceTree = BUILT_PRODUCTS_DIR; };
		697D80AB1BFB92BA00CA27D2 /* DrawersTests.m */ = {isa = PBXFileReference; lastKnownFileType = sourcecode.c.objc; path = DrawersTests.m; sourceTree = "<group>"; };
		697D80AD1BFB92BA00CA27D2 /* Info.plist */ = {isa = PBXFileReference; lastKnownFileType = text.plist.xml; path = Info.plist; sourceTree = "<group>"; };
		697D80B21BFB92BA00CA27D2 /* DrawersUITests.xctest */ = {isa = PBXFileReference; explicitFileType = wrapper.cfbundle; includeInIndex = 0; path = DrawersUITests.xctest; sourceTree = BUILT_PRODUCTS_DIR; };
		697D80B61BFB92BA00CA27D2 /* DrawersUITests.m */ = {isa = PBXFileReference; lastKnownFileType = sourcecode.c.objc; path = DrawersUITests.m; sourceTree = "<group>"; };
		697D80B81BFB92BA00CA27D2 /* Info.plist */ = {isa = PBXFileReference; lastKnownFileType = text.plist.xml; path = Info.plist; sourceTree = "<group>"; };
		8344FA1F1C1892070097E6CE /* AudioToolbox.framework */ = {isa = PBXFileReference; lastKnownFileType = wrapper.framework; name = AudioToolbox.framework; path = System/Library/Frameworks/AudioToolbox.framework; sourceTree = SDKROOT; };
/* End PBXFileReference section */

/* Begin PBXFrameworksBuildPhase section */
		697D80881BFB92BA00CA27D2 /* Frameworks */ = {
			isa = PBXFrameworksBuildPhase;
			buildActionMask = 2147483647;
			files = (
				696125871C0CC43000359DA0 /* libsqlite3.tbd in Frameworks */,
				696125881C0CC43000359DA0 /* libz.tbd in Frameworks */,
				6978352F1C1B50E8000BC627 /* ParseFacebookUtilsV4.framework in Frameworks */,
				6961258C1C0CC43000359DA0 /* SystemConfiguration.framework in Frameworks */,
				697835301C1B50E8000BC627 /* ParseTwitterUtils.framework in Frameworks */,
				6978352D1C1B50E8000BC627 /* Bolts.framework in Frameworks */,
				697835311C1B50E8000BC627 /* ParseUI.framework in Frameworks */,
				6961258B1C0CC43000359DA0 /* StoreKit.framework in Frameworks */,
				6961258A1C0CC43000359DA0 /* Security.framework in Frameworks */,
				696125891C0CC43000359DA0 /* QuartzCore.framework in Frameworks */,
				697835271C1B50B0000BC627 /* Parse.framework in Frameworks */,
				696125861C0CC43000359DA0 /* CoreLocation.framework in Frameworks */,
				696125851C0CC43000359DA0 /* CoreGraphics.framework in Frameworks */,
				696125841C0CC43000359DA0 /* CFNetwork.framework in Frameworks */,
				8344FA201C1892070097E6CE /* AudioToolbox.framework in Frameworks */,
				6978352E1C1B50E8000BC627 /* ParseFacebookUtils.framework in Frameworks */,
			);
			runOnlyForDeploymentPostprocessing = 0;
		};
		697D80A41BFB92BA00CA27D2 /* Frameworks */ = {
			isa = PBXFrameworksBuildPhase;
			buildActionMask = 2147483647;
			files = (
			);
			runOnlyForDeploymentPostprocessing = 0;
		};
		697D80AF1BFB92BA00CA27D2 /* Frameworks */ = {
			isa = PBXFrameworksBuildPhase;
			buildActionMask = 2147483647;
			files = (
			);
			runOnlyForDeploymentPostprocessing = 0;
		};
/* End PBXFrameworksBuildPhase section */

/* Begin PBXGroup section */
		6961257A1C0CC32F00359DA0 /* Frameworks */ = {
			isa = PBXGroup;
			children = (
				697835281C1B50E8000BC627 /* Bolts.framework */,
				697835291C1B50E8000BC627 /* ParseFacebookUtils.framework */,
				6978352A1C1B50E8000BC627 /* ParseFacebookUtilsV4.framework */,
				6978352B1C1B50E8000BC627 /* ParseTwitterUtils.framework */,
				6978352C1C1B50E8000BC627 /* ParseUI.framework */,
				697835261C1B50B0000BC627 /* Parse.framework */,
				8344FA1F1C1892070097E6CE /* AudioToolbox.framework */,
				6961257B1C0CC43000359DA0 /* CFNetwork.framework */,
				6961257C1C0CC43000359DA0 /* CoreGraphics.framework */,
				6961257D1C0CC43000359DA0 /* CoreLocation.framework */,
				6961257E1C0CC43000359DA0 /* libsqlite3.tbd */,
				6961257F1C0CC43000359DA0 /* libz.tbd */,
				696125801C0CC43000359DA0 /* QuartzCore.framework */,
				696125811C0CC43000359DA0 /* Security.framework */,
				696125821C0CC43000359DA0 /* StoreKit.framework */,
				696125831C0CC43000359DA0 /* SystemConfiguration.framework */,
			);
			name = Frameworks;
			sourceTree = "<group>";
		};
		697D80821BFB92B900CA27D2 = {
			isa = PBXGroup;
			children = (
				697D808D1BFB92BA00CA27D2 /* Drawers */,
				6961257A1C0CC32F00359DA0 /* Frameworks */,
				697D80AA1BFB92BA00CA27D2 /* DrawersTests */,
				697D80B51BFB92BA00CA27D2 /* DrawersUITests */,
				697D808C1BFB92BA00CA27D2 /* Products */,
			);
			sourceTree = "<group>";
		};
		697D808C1BFB92BA00CA27D2 /* Products */ = {
			isa = PBXGroup;
			children = (
				697D808B1BFB92BA00CA27D2 /* Drawers.app */,
				697D80A71BFB92BA00CA27D2 /* DrawersTests.xctest */,
				697D80B21BFB92BA00CA27D2 /* DrawersUITests.xctest */,
			);
			name = Products;
			sourceTree = "<group>";
		};
		697D808D1BFB92BA00CA27D2 /* Drawers */ = {
			isa = PBXGroup;
			children = (
				697D80911BFB92BA00CA27D2 /* AppDelegate.h */,
				697D80921BFB92BA00CA27D2 /* AppDelegate.m */,
				697D80941BFB92BA00CA27D2 /* ViewController.h */,
				697D80951BFB92BA00CA27D2 /* ViewController.m */,
				697D80971BFB92BA00CA27D2 /* Main.storyboard */,
				697D809D1BFB92BA00CA27D2 /* Assets.xcassets */,
				697D809F1BFB92BA00CA27D2 /* LaunchScreen.storyboard */,
				697D80A21BFB92BA00CA27D2 /* Info.plist */,
				697D809A1BFB92BA00CA27D2 /* Drawers.xcdatamodeld */,
				697D808E1BFB92BA00CA27D2 /* Supporting Files */,
			);
			path = Drawers;
			sourceTree = "<group>";
		};
		697D808E1BFB92BA00CA27D2 /* Supporting Files */ = {
			isa = PBXGroup;
			children = (
				697835321C1B929A000BC627 /* add-bags-01.png */,
				697835331C1B929A000BC627 /* add-camera-01.png */,
				697835241C1B4C78000BC627 /* closet-add-01.png */,
				6961C3091C0CF69B004200DA /* closet-accessories-01.png */,
				6961C30A1C0CF69B004200DA /* closet-bottoms-01.png */,
				6961C30B1C0CF69B004200DA /* closet-other-01.png */,
				6961C30C1C0CF69B004200DA /* closet-outfits-01.png */,
				6961C30D1C0CF69B004200DA /* closet-shoes-01.png */,
				6961C30E1C0CF69B004200DA /* closet-tops-01.png */,
				696125741C0BC62700359DA0 /* login icon.png */,
				697D808F1BFB92BA00CA27D2 /* main.m */,
			);
			name = "Supporting Files";
			sourceTree = "<group>";
		};
		697D80AA1BFB92BA00CA27D2 /* DrawersTests */ = {
			isa = PBXGroup;
			children = (
				697D80AB1BFB92BA00CA27D2 /* DrawersTests.m */,
				697D80AD1BFB92BA00CA27D2 /* Info.plist */,
			);
			path = DrawersTests;
			sourceTree = "<group>";
		};
		697D80B51BFB92BA00CA27D2 /* DrawersUITests */ = {
			isa = PBXGroup;
			children = (
				697D80B61BFB92BA00CA27D2 /* DrawersUITests.m */,
				697D80B81BFB92BA00CA27D2 /* Info.plist */,
			);
			path = DrawersUITests;
			sourceTree = "<group>";
		};
/* End PBXGroup section */

/* Begin PBXNativeTarget section */
		697D808A1BFB92BA00CA27D2 /* Drawers */ = {
			isa = PBXNativeTarget;
			buildConfigurationList = 697D80BB1BFB92BA00CA27D2 /* Build configuration list for PBXNativeTarget "Drawers" */;
			buildPhases = (
				697D80871BFB92BA00CA27D2 /* Sources */,
				697D80881BFB92BA00CA27D2 /* Frameworks */,
				697D80891BFB92BA00CA27D2 /* Resources */,
				834CD4C71C1642D100E4A320 /* CopyFiles */,
			);
			buildRules = (
			);
			dependencies = (
			);
			name = Drawers;
			productName = Drawers;
			productReference = 697D808B1BFB92BA00CA27D2 /* Drawers.app */;
			productType = "com.apple.product-type.application";
		};
		697D80A61BFB92BA00CA27D2 /* DrawersTests */ = {
			isa = PBXNativeTarget;
			buildConfigurationList = 697D80BE1BFB92BA00CA27D2 /* Build configuration list for PBXNativeTarget "DrawersTests" */;
			buildPhases = (
				697D80A31BFB92BA00CA27D2 /* Sources */,
				697D80A41BFB92BA00CA27D2 /* Frameworks */,
				697D80A51BFB92BA00CA27D2 /* Resources */,
			);
			buildRules = (
			);
			dependencies = (
				697D80A91BFB92BA00CA27D2 /* PBXTargetDependency */,
			);
			name = DrawersTests;
			productName = DrawersTests;
			productReference = 697D80A71BFB92BA00CA27D2 /* DrawersTests.xctest */;
			productType = "com.apple.product-type.bundle.unit-test";
		};
		697D80B11BFB92BA00CA27D2 /* DrawersUITests */ = {
			isa = PBXNativeTarget;
			buildConfigurationList = 697D80C11BFB92BA00CA27D2 /* Build configuration list for PBXNativeTarget "DrawersUITests" */;
			buildPhases = (
				697D80AE1BFB92BA00CA27D2 /* Sources */,
				697D80AF1BFB92BA00CA27D2 /* Frameworks */,
				697D80B01BFB92BA00CA27D2 /* Resources */,
			);
			buildRules = (
			);
			dependencies = (
				697D80B41BFB92BA00CA27D2 /* PBXTargetDependency */,
			);
			name = DrawersUITests;
			productName = DrawersUITests;
			productReference = 697D80B21BFB92BA00CA27D2 /* DrawersUITests.xctest */;
			productType = "com.apple.product-type.bundle.ui-testing";
		};
/* End PBXNativeTarget section */

/* Begin PBXProject section */
		697D80831BFB92B900CA27D2 /* Project object */ = {
			isa = PBXProject;
			attributes = {
				LastUpgradeCheck = 0710;
				ORGANIZATIONNAME = nyu.edu;
				TargetAttributes = {
					697D808A1BFB92BA00CA27D2 = {
						CreatedOnToolsVersion = 7.1;
						DevelopmentTeam = WRK74F8KZC;
					};
					697D80A61BFB92BA00CA27D2 = {
						CreatedOnToolsVersion = 7.1;
						TestTargetID = 697D808A1BFB92BA00CA27D2;
					};
					697D80B11BFB92BA00CA27D2 = {
						CreatedOnToolsVersion = 7.1;
						TestTargetID = 697D808A1BFB92BA00CA27D2;
					};
				};
			};
			buildConfigurationList = 697D80861BFB92B900CA27D2 /* Build configuration list for PBXProject "Drawers" */;
			compatibilityVersion = "Xcode 3.2";
			developmentRegion = English;
			hasScannedForEncodings = 0;
			knownRegions = (
				en,
				Base,
			);
			mainGroup = 697D80821BFB92B900CA27D2;
			productRefGroup = 697D808C1BFB92BA00CA27D2 /* Products */;
			projectDirPath = "";
			projectRoot = "";
			targets = (
				697D808A1BFB92BA00CA27D2 /* Drawers */,
				697D80A61BFB92BA00CA27D2 /* DrawersTests */,
				697D80B11BFB92BA00CA27D2 /* DrawersUITests */,
			);
		};
/* End PBXProject section */

/* Begin PBXResourcesBuildPhase section */
		697D80891BFB92BA00CA27D2 /* Resources */ = {
			isa = PBXResourcesBuildPhase;
			buildActionMask = 2147483647;
			files = (
				697835351C1B929A000BC627 /* add-camera-01.png in Resources */,
				697D80A11BFB92BA00CA27D2 /* LaunchScreen.storyboard in Resources */,
				6961C3141C0CF69B004200DA /* closet-tops-01.png in Resources */,
				6961C3101C0CF69B004200DA /* closet-bottoms-01.png in Resources */,
				697D809E1BFB92BA00CA27D2 /* Assets.xcassets in Resources */,
				6961C3121C0CF69B004200DA /* closet-outfits-01.png in Resources */,
				697835251C1B4C78000BC627 /* closet-add-01.png in Resources */,
				697D80991BFB92BA00CA27D2 /* Main.storyboard in Resources */,
				697835341C1B929A000BC627 /* add-bags-01.png in Resources */,
				6961C3111C0CF69B004200DA /* closet-other-01.png in Resources */,
				696125751C0BC62700359DA0 /* login icon.png in Resources */,
				6961C3131C0CF69B004200DA /* closet-shoes-01.png in Resources */,
				6961C30F1C0CF69B004200DA /* closet-accessories-01.png in Resources */,
			);
			runOnlyForDeploymentPostprocessing = 0;
		};
		697D80A51BFB92BA00CA27D2 /* Resources */ = {
			isa = PBXResourcesBuildPhase;
			buildActionMask = 2147483647;
			files = (
			);
			runOnlyForDeploymentPostprocessing = 0;
		};
		697D80B01BFB92BA00CA27D2 /* Resources */ = {
			isa = PBXResourcesBuildPhase;
			buildActionMask = 2147483647;
			files = (
			);
			runOnlyForDeploymentPostprocessing = 0;
		};
/* End PBXResourcesBuildPhase section */

/* Begin PBXSourcesBuildPhase section */
		697D80871BFB92BA00CA27D2 /* Sources */ = {
			isa = PBXSourcesBuildPhase;
			buildActionMask = 2147483647;
			files = (
				697D809C1BFB92BA00CA27D2 /* Drawers.xcdatamodeld in Sources */,
				697D80961BFB92BA00CA27D2 /* ViewController.m in Sources */,
				697D80931BFB92BA00CA27D2 /* AppDelegate.m in Sources */,
				697D80901BFB92BA00CA27D2 /* main.m in Sources */,
			);
			runOnlyForDeploymentPostprocessing = 0;
		};
		697D80A31BFB92BA00CA27D2 /* Sources */ = {
			isa = PBXSourcesBuildPhase;
			buildActionMask = 2147483647;
			files = (
				697D80AC1BFB92BA00CA27D2 /* DrawersTests.m in Sources */,
			);
			runOnlyForDeploymentPostprocessing = 0;
		};
		697D80AE1BFB92BA00CA27D2 /* Sources */ = {
			isa = PBXSourcesBuildPhase;
			buildActionMask = 2147483647;
			files = (
				697D80B71BFB92BA00CA27D2 /* DrawersUITests.m in Sources */,
			);
			runOnlyForDeploymentPostprocessing = 0;
		};
/* End PBXSourcesBuildPhase section */

/* Begin PBXTargetDependency section */
		697D80A91BFB92BA00CA27D2 /* PBXTargetDependency */ = {
			isa = PBXTargetDependency;
			target = 697D808A1BFB92BA00CA27D2 /* Drawers */;
			targetProxy = 697D80A81BFB92BA00CA27D2 /* PBXContainerItemProxy */;
		};
		697D80B41BFB92BA00CA27D2 /* PBXTargetDependency */ = {
			isa = PBXTargetDependency;
			target = 697D808A1BFB92BA00CA27D2 /* Drawers */;
			targetProxy = 697D80B31BFB92BA00CA27D2 /* PBXContainerItemProxy */;
		};
/* End PBXTargetDependency section */

/* Begin PBXVariantGroup section */
		697D80971BFB92BA00CA27D2 /* Main.storyboard */ = {
			isa = PBXVariantGroup;
			children = (
				697D80981BFB92BA00CA27D2 /* Base */,
			);
			name = Main.storyboard;
			sourceTree = "<group>";
		};
		697D809F1BFB92BA00CA27D2 /* LaunchScreen.storyboard */ = {
			isa = PBXVariantGroup;
			children = (
				697D80A01BFB92BA00CA27D2 /* Base */,
			);
			name = LaunchScreen.storyboard;
			sourceTree = "<group>";
		};
/* End PBXVariantGroup section */

/* Begin XCBuildConfiguration section */
		697D80B91BFB92BA00CA27D2 /* Debug */ = {
			isa = XCBuildConfiguration;
			buildSettings = {
				ALWAYS_SEARCH_USER_PATHS = NO;
				CLANG_CXX_LANGUAGE_STANDARD = "gnu++0x";
				CLANG_CXX_LIBRARY = "libc++";
				CLANG_ENABLE_MODULES = YES;
				CLANG_ENABLE_OBJC_ARC = YES;
				CLANG_WARN_BOOL_CONVERSION = YES;
				CLANG_WARN_CONSTANT_CONVERSION = YES;
				CLANG_WARN_DIRECT_OBJC_ISA_USAGE = YES_ERROR;
				CLANG_WARN_EMPTY_BODY = YES;
				CLANG_WARN_ENUM_CONVERSION = YES;
				CLANG_WARN_INT_CONVERSION = YES;
				CLANG_WARN_OBJC_ROOT_CLASS = YES_ERROR;
				CLANG_WARN_UNREACHABLE_CODE = YES;
				CLANG_WARN__DUPLICATE_METHOD_MATCH = YES;
				"CODE_SIGN_IDENTITY[sdk=iphoneos*]" = "iPhone Developer";
				COPY_PHASE_STRIP = NO;
				DEBUG_INFORMATION_FORMAT = dwarf;
				ENABLE_STRICT_OBJC_MSGSEND = YES;
				ENABLE_TESTABILITY = YES;
				GCC_C_LANGUAGE_STANDARD = gnu99;
				GCC_DYNAMIC_NO_PIC = NO;
				GCC_NO_COMMON_BLOCKS = YES;
				GCC_OPTIMIZATION_LEVEL = 0;
				GCC_PREPROCESSOR_DEFINITIONS = (
					"DEBUG=1",
					"$(inherited)",
				);
				GCC_WARN_64_TO_32_BIT_CONVERSION = YES;
				GCC_WARN_ABOUT_RETURN_TYPE = YES_ERROR;
				GCC_WARN_UNDECLARED_SELECTOR = YES;
				GCC_WARN_UNINITIALIZED_AUTOS = YES_AGGRESSIVE;
				GCC_WARN_UNUSED_FUNCTION = YES;
				GCC_WARN_UNUSED_VARIABLE = YES;
				IPHONEOS_DEPLOYMENT_TARGET = 9.1;
				MTL_ENABLE_DEBUG_INFO = YES;
				ONLY_ACTIVE_ARCH = YES;
				SDKROOT = iphoneos;
				TARGETED_DEVICE_FAMILY = "1,2";
			};
			name = Debug;
		};
		697D80BA1BFB92BA00CA27D2 /* Release */ = {
			isa = XCBuildConfiguration;
			buildSettings = {
				ALWAYS_SEARCH_USER_PATHS = NO;
				CLANG_CXX_LANGUAGE_STANDARD = "gnu++0x";
				CLANG_CXX_LIBRARY = "libc++";
				CLANG_ENABLE_MODULES = YES;
				CLANG_ENABLE_OBJC_ARC = YES;
				CLANG_WARN_BOOL_CONVERSION = YES;
				CLANG_WARN_CONSTANT_CONVERSION = YES;
				CLANG_WARN_DIRECT_OBJC_ISA_USAGE = YES_ERROR;
				CLANG_WARN_EMPTY_BODY = YES;
				CLANG_WARN_ENUM_CONVERSION = YES;
				CLANG_WARN_INT_CONVERSION = YES;
				CLANG_WARN_OBJC_ROOT_CLASS = YES_ERROR;
				CLANG_WARN_UNREACHABLE_CODE = YES;
				CLANG_WARN__DUPLICATE_METHOD_MATCH = YES;
				"CODE_SIGN_IDENTITY[sdk=iphoneos*]" = "iPhone Developer";
				COPY_PHASE_STRIP = NO;
				DEBUG_INFORMATION_FORMAT = "dwarf-with-dsym";
				ENABLE_NS_ASSERTIONS = NO;
				ENABLE_STRICT_OBJC_MSGSEND = YES;
				GCC_C_LANGUAGE_STANDARD = gnu99;
				GCC_NO_COMMON_BLOCKS = YES;
				GCC_WARN_64_TO_32_BIT_CONVERSION = YES;
				GCC_WARN_ABOUT_RETURN_TYPE = YES_ERROR;
				GCC_WARN_UNDECLARED_SELECTOR = YES;
				GCC_WARN_UNINITIALIZED_AUTOS = YES_AGGRESSIVE;
				GCC_WARN_UNUSED_FUNCTION = YES;
				GCC_WARN_UNUSED_VARIABLE = YES;
				IPHONEOS_DEPLOYMENT_TARGET = 9.1;
				MTL_ENABLE_DEBUG_INFO = NO;
				SDKROOT = iphoneos;
				TARGETED_DEVICE_FAMILY = "1,2";
				VALIDATE_PRODUCT = YES;
			};
			name = Release;
		};
		697D80BC1BFB92BA00CA27D2 /* Debug */ = {
			isa = XCBuildConfiguration;
			buildSettings = {
				ASSETCATALOG_COMPILER_APPICON_NAME = AppIcon;
				CODE_SIGN_IDENTITY = "iPhone Developer";
				"CODE_SIGN_IDENTITY[sdk=iphoneos*]" = "iPhone Developer";
				FRAMEWORK_SEARCH_PATHS = (
					"$(inherited)",
					"$(PROJECT_DIR)",
				);
				INFOPLIST_FILE = Drawers/Info.plist;
				LD_RUNPATH_SEARCH_PATHS = "$(inherited) @executable_path/Frameworks";
				MTL_ENABLE_DEBUG_INFO = "";
				PRODUCT_BUNDLE_IDENTIFIER = ehh245.Drawers;
				PRODUCT_NAME = "$(TARGET_NAME)";
				PROVISIONING_PROFILE = "";
			};
			name = Debug;
		};
		697D80BD1BFB92BA00CA27D2 /* Release */ = {
			isa = XCBuildConfiguration;
			buildSettings = {
				ASSETCATALOG_COMPILER_APPICON_NAME = AppIcon;
				CODE_SIGN_IDENTITY = "iPhone Developer";
				"CODE_SIGN_IDENTITY[sdk=iphoneos*]" = "iPhone Developer";
				FRAMEWORK_SEARCH_PATHS = (
					"$(inherited)",
					"$(PROJECT_DIR)",
				);
				INFOPLIST_FILE = Drawers/Info.plist;
				LD_RUNPATH_SEARCH_PATHS = "$(inherited) @executable_path/Frameworks";
				MTL_ENABLE_DEBUG_INFO = "";
				PRODUCT_BUNDLE_IDENTIFIER = ehh245.Drawers;
				PRODUCT_NAME = "$(TARGET_NAME)";
				PROVISIONING_PROFILE = "";
			};
			name = Release;
		};
		697D80BF1BFB92BA00CA27D2 /* Debug */ = {
			isa = XCBuildConfiguration;
			buildSettings = {
				BUNDLE_LOADER = "$(TEST_HOST)";
				FRAMEWORK_SEARCH_PATHS = (
					"$(inherited)",
					"$(PROJECT_DIR)",
				);
				INFOPLIST_FILE = DrawersTests/Info.plist;
				LD_RUNPATH_SEARCH_PATHS = "$(inherited) @executable_path/Frameworks @loader_path/Frameworks";
				PRODUCT_BUNDLE_IDENTIFIER = ehh245.DrawersTests;
				PRODUCT_NAME = "$(TARGET_NAME)";
				TEST_HOST = "$(BUILT_PRODUCTS_DIR)/Drawers.app/Drawers";
			};
			name = Debug;
		};
		697D80C01BFB92BA00CA27D2 /* Release */ = {
			isa = XCBuildConfiguration;
			buildSettings = {
				BUNDLE_LOADER = "$(TEST_HOST)";
				FRAMEWORK_SEARCH_PATHS = (
					"$(inherited)",
					"$(PROJECT_DIR)",
				);
				INFOPLIST_FILE = DrawersTests/Info.plist;
				LD_RUNPATH_SEARCH_PATHS = "$(inherited) @executable_path/Frameworks @loader_path/Frameworks";
				PRODUCT_BUNDLE_IDENTIFIER = ehh245.DrawersTests;
				PRODUCT_NAME = "$(TARGET_NAME)";
				TEST_HOST = "$(BUILT_PRODUCTS_DIR)/Drawers.app/Drawers";
			};
			name = Release;
		};
		697D80C21BFB92BA00CA27D2 /* Debug */ = {
			isa = XCBuildConfiguration;
			buildSettings = {
				FRAMEWORK_SEARCH_PATHS = (
					"$(inherited)",
					"$(PROJECT_DIR)",
				);
				INFOPLIST_FILE = DrawersUITests/Info.plist;
				LD_RUNPATH_SEARCH_PATHS = "$(inherited) @executable_path/Frameworks @loader_path/Frameworks";
				PRODUCT_BUNDLE_IDENTIFIER = ehh245.DrawersUITests;
				PRODUCT_NAME = "$(TARGET_NAME)";
				TEST_TARGET_NAME = Drawers;
				USES_XCTRUNNER = YES;
			};
			name = Debug;
		};
		697D80C31BFB92BA00CA27D2 /* Release */ = {
			isa = XCBuildConfiguration;
			buildSettings = {
				FRAMEWORK_SEARCH_PATHS = (
					"$(inherited)",
					"$(PROJECT_DIR)",
				);
				INFOPLIST_FILE = DrawersUITests/Info.plist;
				LD_RUNPATH_SEARCH_PATHS = "$(inherited) @executable_path/Frameworks @loader_path/Frameworks";
				PRODUCT_BUNDLE_IDENTIFIER = ehh245.DrawersUITests;
				PRODUCT_NAME = "$(TARGET_NAME)";
				TEST_TARGET_NAME = Drawers;
				USES_XCTRUNNER = YES;
			};
			name = Release;
		};
/* End XCBuildConfiguration section */

/* Begin XCConfigurationList section */
		697D80861BFB92B900CA27D2 /* Build configuration list for PBXProject "Drawers" */ = {
			isa = XCConfigurationList;
			buildConfigurations = (
				697D80B91BFB92BA00CA27D2 /* Debug */,
				697D80BA1BFB92BA00CA27D2 /* Release */,
			);
			defaultConfigurationIsVisible = 0;
			defaultConfigurationName = Release;
		};
		697D80BB1BFB92BA00CA27D2 /* Build configuration list for PBXNativeTarget "Drawers" */ = {
			isa = XCConfigurationList;
			buildConfigurations = (
				697D80BC1BFB92BA00CA27D2 /* Debug */,
				697D80BD1BFB92BA00CA27D2 /* Release */,
			);
			defaultConfigurationIsVisible = 0;
			defaultConfigurationName = Release;
		};
		697D80BE1BFB92BA00CA27D2 /* Build configuration list for PBXNativeTarget "DrawersTests" */ = {
			isa = XCConfigurationList;
			buildConfigurations = (
				697D80BF1BFB92BA00CA27D2 /* Debug */,
				697D80C01BFB92BA00CA27D2 /* Release */,
			);
			defaultConfigurationIsVisible = 0;
			defaultConfigurationName = Release;
		};
		697D80C11BFB92BA00CA27D2 /* Build configuration list for PBXNativeTarget "DrawersUITests" */ = {
			isa = XCConfigurationList;
			buildConfigurations = (
				697D80C21BFB92BA00CA27D2 /* Debug */,
				697D80C31BFB92BA00CA27D2 /* Release */,
			);
			defaultConfigurationIsVisible = 0;
			defaultConfigurationName = Release;
		};
/* End XCConfigurationList section */

/* Begin XCVersionGroup section */
		697D809A1BFB92BA00CA27D2 /* Drawers.xcdatamodeld */ = {
			isa = XCVersionGroup;
			children = (
				697D809B1BFB92BA00CA27D2 /* Drawers.xcdatamodel */,
			);
			currentVersion = 697D809B1BFB92BA00CA27D2 /* Drawers.xcdatamodel */;
			path = Drawers.xcdatamodeld;
			sourceTree = "<group>";
			versionGroupType = wrapper.xcdatamodel;
		};
/* End XCVersionGroup section */
	};
	rootObject = 697D80831BFB92B900CA27D2 /* Project object */;
}
